{
  "lockfileVersion": 1,
  "configVersion": 1,
  "workspaces": {
    "": {
      "name": "my-turborepo",
      "devDependencies": {
        "turbo": "^2.7.6",
      },
    },
    "apps/app-a": {
      "name": "app-a",
      "dependencies": {
        "pkg-a": "*",
        "tooling-config": "*",
      },
    },
    "apps/app-b": {
      "name": "app-b",
      "dependencies": {
        "tooling-config": "*",
      },
    },
    "packages/pkg-a": {
      "name": "pkg-a",
      "dependencies": {
        "tooling-config": "*",
      },
    },
    "packages/pkg-b": {
      "name": "pkg-b",
      "dependencies": {
        "tooling-config": "*",
      },
    },
    "packages/tooling-config": {
      "name": "tooling-config",
    },
  },
  "packages": {
    "app-a": ["app-a@workspace:apps/app-a"],

    "app-b": ["app-b@workspace:apps/app-b"],

    "pkg-a": ["pkg-a@workspace:packages/pkg-a"],

    "pkg-b": ["pkg-b@workspace:packages/pkg-b"],

    "tooling-config": ["tooling-config@workspace:packages/tooling-config"],

    "turbo": ["turbo@2.7.6", "", { "optionalDependencies": { "turbo-darwin-64": "2.7.6", "turbo-darwin-arm64": "2.7.6", "turbo-linux-64": "2.7.6", "turbo-linux-arm64": "2.7.6", "turbo-windows-64": "2.7.6", "turbo-windows-arm64": "2.7.6" }, "bin": { "turbo": "bin/turbo" } }, "sha512-PO9AvJLEsNLO+EYhF4zB+v10hOjsJe5kJW+S6tTbRv+TW7gf1Qer4mfjP9h3/y9h8ZiPvOrenxnEgDtFgaM5zw=="],

    "turbo-darwin-64": ["turbo-darwin-64@2.7.6", "", { "os": "darwin", "cpu": "x64" }, "sha512-bYu0qnWju2Ha3EbIkPCk1SMLT3sltKh1P/Jy5FER6BmH++H5z+T5MHh3W1Xoers9rk4N1VdKvog9FO1pxQyjhw=="],

    "turbo-darwin-arm64": ["turbo-darwin-arm64@2.7.6", "", { "os": "darwin", "cpu": "arm64" }, "sha512-KCxTf3Y1hgNLYIWRLw8bwH8Zie9RyCGoxAlXYsCBI/YNqBSR+ZZK9KYzFxAqDaVaNvTwLFv3rJRGsXOFWg4+Uw=="],

    "turbo-linux-64": ["turbo-linux-64@2.7.6", "", { "os": "linux", "cpu": "x64" }, "sha512-vjoU8zIfNgvJR3cMitgw7inEoi6bmuVuFawDl5yKtxjAEhDktFdRBpGS3WojD4l3BklBbIK689ssXcGf21LxRA=="],

    "turbo-linux-arm64": ["turbo-linux-arm64@2.7.6", "", { "os": "linux", "cpu": "arm64" }, "sha512-TcMpBvTqZf+1DptrVYLbZls7WY1UVNDTGaf0bo7/GCgWYv5eZHCVo4Td7kCJeDU4glbXg67REX0md0S0V6ghMg=="],

    "turbo-windows-64": ["turbo-windows-64@2.7.6", "", { "os": "win32", "cpu": "x64" }, "sha512-1/MhkYldiihjneY8QnnDMbAkHXn/udTWSVYS94EMlkE9AShozsLTTOT1gDOpX06EfEW5njP09suhMvxbvwuwpQ=="],

    "turbo-windows-arm64": ["turbo-windows-arm64@2.7.6", "", { "os": "win32", "cpu": "arm64" }, "sha512-0wDVnUJLFAWm4ZzOQFDkbyyUqaszorTGf3Rdc22IRIyJTTLd6ajqdb+cWD89UZ1RKr953+PZR1gqgWQY4PDuhA=="],
  }
}
